
Microsoft Visual Studio Solution File, Format Version 12.00
# Visual Studio Version 16
VisualStudioVersion = 16.0.31624.102
MinimumVisualStudioVersion = 10.0.40219.1
Project("{9A19103F-16F7-4668-BE54-9A1E7A4F7556}") = "Web_API", "Web_API\Web_API.csproj", "{EBA2A511-4D4B-4D56-96DC-0C738AB34F27}"
EndProject
Project("{FAE04EC0-301F-11D3-BF4B-00C04F79EFBC}") = "QuizApp.IdentityServer", "QuizApp.IdentityServer\QuizApp.IdentityServer.csproj", "{6AFA3416-1241-49BF-A28E-3487B4721EA9}"
EndProject
Global
	GlobalSection(SolutionConfigurationPlatforms) = preSolution
		Debug|Any CPU = Debug|Any CPU
		Release|Any CPU = Release|Any CPU
	EndGlobalSection
	GlobalSection(ProjectConfigurationPlatforms) = postSolution
		{EBA2A511-4D4B-4D56-96DC-0C738AB34F27}.Debug|Any CPU.ActiveCfg = Debug|Any CPU
		{EBA2A511-4D4B-4D56-96DC-0C738AB34F27}.Debug|Any CPU.Build.0 = Debug|Any CPU
		{EBA2A511-4D4B-4D56-96DC-0C738AB34F27}.Release|Any CPU.ActiveCfg = Release|Any CPU
		{EBA2A511-4D4B-4D56-96DC-0C738AB34F27}.Release|Any CPU.Build.0 = Release|Any CPU
		{6AFA3416-1241-49BF-A28E-3487B4721EA9}.Debug|Any CPU.ActiveCfg = Debug|Any CPU
		{6AFA3416-1241-49BF-A28E-3487B4721EA9}.Debug|Any CPU.Build.0 = Debug|Any CPU
		{6AFA3416-1241-49BF-A28E-3487B4721EA9}.Release|Any CPU.ActiveCfg = Release|Any CPU
		{6AFA3416-1241-49BF-A28E-3487B4721EA9}.Release|Any CPU.Build.0 = Release|Any CPU
	EndGlobalSection
	GlobalSection(SolutionProperties) = preSolution
		HideSolutionNode = FALSE
	EndGlobalSection
	GlobalSection(ExtensibilityGlobals) = postSolution
		SolutionGuid = {3EDAFFB7-145D-4A14-9591-7C7942F1E07F}
	EndGlobalSection
EndGlobal
